
Microsoft Visual Studio Solution File, Format Version 12.00
# Visual Studio Version 17
VisualStudioVersion = 17.5.002.0
MinimumVisualStudioVersion = 10.0.40219.1
Project("{9A19103F-16F7-4668-BE54-9A1E7A4F7556}") = "WorkingWithDirectory", "WorkingWithDirectory.csproj", "{B9CD1B9B-3A9F-479B-939B-9AB501D35590}"
EndProject
Global
	GlobalSection(SolutionConfigurationPlatforms) = preSolution
		Debug|Any CPU = Debug|Any CPU
		Release|Any CPU = Release|Any CPU
	EndGlobalSection
	GlobalSection(ProjectConfigurationPlatforms) = postSolution
		{B9CD1B9B-3A9F-479B-939B-9AB501D35590}.Debug|Any CPU.ActiveCfg = Debug|Any CPU
		{B9CD1B9B-3A9F-479B-939B-9AB501D35590}.Debug|Any CPU.Build.0 = Debug|Any CPU
		{B9CD1B9B-3A9F-479B-939B-9AB501D35590}.Release|Any CPU.ActiveCfg = Release|Any CPU
		{B9CD1B9B-3A9F-479B-939B-9AB501D35590}.Release|Any CPU.Build.0 = Release|Any CPU
	EndGlobalSection
	GlobalSection(SolutionProperties) = preSolution
		HideSolutionNode = FALSE
	EndGlobalSection
	GlobalSection(ExtensibilityGlobals) = postSolution
		SolutionGuid = {EDDAB6C7-D9AA-40D5-9A55-A85313C409CA}
	EndGlobalSection
EndGlobal
