
Microsoft Visual Studio Solution File, Format Version 12.00
# Visual Studio Version 17
VisualStudioVersion = 17.5.002.0
MinimumVisualStudioVersion = 10.0.40219.1
Project("{9A19103F-16F7-4668-BE54-9A1E7A4F7556}") = "ClasseSelada", "ClasseSelada.csproj", "{716DDDFC-F162-4580-8074-BFFA71759F28}"
EndProject
Global
	GlobalSection(SolutionConfigurationPlatforms) = preSolution
		Debug|Any CPU = Debug|Any CPU
		Release|Any CPU = Release|Any CPU
	EndGlobalSection
	GlobalSection(ProjectConfigurationPlatforms) = postSolution
		{716DDDFC-F162-4580-8074-BFFA71759F28}.Debug|Any CPU.ActiveCfg = Debug|Any CPU
		{716DDDFC-F162-4580-8074-BFFA71759F28}.Debug|Any CPU.Build.0 = Debug|Any CPU
		{716DDDFC-F162-4580-8074-BFFA71759F28}.Release|Any CPU.ActiveCfg = Release|Any CPU
		{716DDDFC-F162-4580-8074-BFFA71759F28}.Release|Any CPU.Build.0 = Release|Any CPU
	EndGlobalSection
	GlobalSection(SolutionProperties) = preSolution
		HideSolutionNode = FALSE
	EndGlobalSection
	GlobalSection(ExtensibilityGlobals) = postSolution
		SolutionGuid = {043653AB-BA2C-4F13-A37F-0359D016C515}
	EndGlobalSection
EndGlobal
